GEM
  remote: https://rubygems.org/
  specs:
    fiddle (1.1.8)
    matplotlib (1.3.0)
      pycall (>= 1.0.0)
    pycall (1.5.2)

PLATFORMS
  ruby
  x86_64-linux

DEPENDENCIES
  fiddle
  matplotlib

CHECKSUMS
  bundler (4.0.13) sha256=19f08be7f27022cf0b89f27da0b044ae075e8270a9ef44ad248a932614e1ca3b
  fiddle (1.1.8) sha256=7fa8ee3627271497f3add5503acdbc3f40b32f610fc1cf49634f083ef3f32eee
  matplotlib (1.3.0) sha256=174bd20990e1bb4c81fd3b5230fe71da37a036e2edda169d935f9baffb37383f
  pycall (1.5.2) sha256=759ece7b08007a20cf610fcfeb91b86cb77864f37ac343cc4fe25f14cca65ff3

BUNDLED WITH
  4.0.13
